
Microsoft Visual Studio Solution File, Format Version 12.00
# Visual Studio 15
VisualStudioVersion = 15.0.27428.2015
MinimumVisualStudioVersion = 10.0.40219.1
Project("{FAE04EC0-301F-11D3-BF4B-00C04F79EFBC}") = "MarketData.Server", "MarketData.Server.csproj", "{16C9017B-335E-4D7D-B041-5EA6CE854BBB}"
EndProject
Global
	GlobalSection(SolutionConfigurationPlatforms) = preSolution
		Debug|Any CPU = Debug|Any CPU
		Release|Any CPU = Release|Any CPU
	EndGlobalSection
	GlobalSection(ProjectConfigurationPlatforms) = postSolution
		{16C9017B-335E-4D7D-B041-5EA6CE854BBB}.Debug|Any CPU.ActiveCfg = Debug|Any CPU
		{16C9017B-335E-4D7D-B041-5EA6CE854BBB}.Debug|Any CPU.Build.0 = Debug|Any CPU
		{16C9017B-335E-4D7D-B041-5EA6CE854BBB}.Release|Any CPU.ActiveCfg = Release|Any CPU
		{16C9017B-335E-4D7D-B041-5EA6CE854BBB}.Release|Any CPU.Build.0 = Release|Any CPU
	EndGlobalSection
	GlobalSection(SolutionProperties) = preSolution
		HideSolutionNode = FALSE
	EndGlobalSection
	GlobalSection(ExtensibilityGlobals) = postSolution
		SolutionGuid = {04D6EB2E-A167-41BC-BA0C-86A68E5122B5}
	EndGlobalSection
EndGlobal
